{
  "requires": true,
  "lockfileVersion": 1,
  "dependencies": {
    "@minui/wxc-button": {
      "version": "1.0.2",
      "resolved": "https://registry.npmjs.org/@minui/wxc-button/-/wxc-button-1.0.2.tgz",
      "integrity": "sha512-oSg38ya0Dlecc24HRH5nl8xmHF8cvI4ZldLVpJxQA8dNPFa9wSt3Lwmbn0APi7nR+V76BcfJ3Gk3tW+87uG0qA=="
    },
    "@minui/wxc-dialog": {
      "version": "1.0.9",
      "resolved": "https://registry.npmjs.org/@minui/wxc-dialog/-/wxc-dialog-1.0.9.tgz",
      "integrity": "sha512-8RQLq/JW/0vuiP5E7YTW+iJaOPJGyqWAP3sBjWyS1Wasfoa6xtyiDNdPDLrptA69eHneyOvG0q13vCpstHg8fw==",
      "requires": {
        "@minui/wxc-popup": "^1.0.9"
      }
    },
    "@minui/wxc-icon": {
      "version": "1.0.9",
      "resolved": "https://registry.npmjs.org/@minui/wxc-icon/-/wxc-icon-1.0.9.tgz",
      "integrity": "sha512-ebEzCdGtdECW7fbxREHuCeeIJ52FKhjQneZqwvwU13jHs1Ic3tHZ1vcEcgkaexYD2zfhBilcbHiZpe3jbxssMg=="
    },
    "@minui/wxc-input": {
      "version": "1.0.2",
      "resolved": "https://registry.npmjs.org/@minui/wxc-input/-/wxc-input-1.0.2.tgz",
      "integrity": "sha512-DpPVWXJjAxHc/yDlcoEZRtRNWkLtG0+S2Xr74hV4PuxrDhIu7x0K3C36NjJt/wIOf5/4BmpXtSBScbmRaoY69A=="
    },
    "@minui/wxc-mask": {
      "version": "1.0.8",
      "resolved": "https://registry.npmjs.org/@minui/wxc-mask/-/wxc-mask-1.0.8.tgz",
      "integrity": "sha512-2cWz4mcacoeyHSU/R0teHZ/b7bS397ZErKD2AdapExk7V81yPSOcEVP6/Mg49ml7U7yZnKO0AEoQkRlRozEvVA=="
    },
    "@minui/wxc-popup": {
      "version": "1.0.9",
      "resolved": "https://registry.npmjs.org/@minui/wxc-popup/-/wxc-popup-1.0.9.tgz",
      "integrity": "sha512-M/hEr2nEi/wZ6PMNBbXufvOb4VuOCoCRqY8QQC/JdgM34CpsjBbieY0BmoyKlxjlfD7zVVmS3HJ8bWprDw6g2Q==",
      "requires": {
        "@minui/wxc-mask": "1.0.8"
      }
    },
    "@minui/wxc-select": {
      "version": "1.0.1",
      "resolved": "https://registry.npmjs.org/@minui/wxc-select/-/wxc-select-1.0.1.tgz",
      "integrity": "sha512-seKQGc/BTbzYDUBqlaM06Yq4qZgOG1uvrtF6UpVBEY+3zbd4EtkE2K67rPKhCoq/sJ8pfoHvIsZLAnRAhfIKyw=="
    },
    "@minui/wxc-toast": {
      "version": "1.0.9",
      "resolved": "https://registry.npmjs.org/@minui/wxc-toast/-/wxc-toast-1.0.9.tgz",
      "integrity": "sha512-B8X1Q0Hzft1IlgPX0UN94k5Kvm+sHU/RwAU0ylqSQjawcj8UOsu69eeE7h6GwRKJlzKG+gqLCwhtDIK9lF0obA==",
      "requires": {
        "@minui/wxc-icon": "^1.0.9"
      }
    }
  }
}
